// !$*UTF8*$!
{
	archiveVersion = 1;
	classes = {
	};
	objectVersion = 46;
	objects = {

/* Begin PBXBuildFile section */
		31873994E2357C3360CE0F01 /* Pods_GettyImages.framework in Frameworks */ = {isa = PBXBuildFile; fileRef = 44821B875B790E5EC39EF886 /* Pods_GettyImages.framework */; };
		79A3F1D71F1A2BBC0085B847 /* AppDelegate.swift in Sources */ = {isa = PBXBuildFile; fileRef = 79A3F1D61F1A2BBC0085B847 /* AppDelegate.swift */; };
		79A3F1DC1F1A2BBC0085B847 /* GIMain.storyboard in Resources */ = {isa = PBXBuildFile; fileRef = 79A3F1DA1F1A2BBC0085B847 /* GIMain.storyboard */; };
		79A3F1DE1F1A2BBC0085B847 /* Assets.xcassets in Resources */ = {isa = PBXBuildFile; fileRef = 79A3F1DD1F1A2BBC0085B847 /* Assets.xcassets */; };
		79A3F1E11F1A2BBC0085B847 /* LaunchScreen.storyboard in Resources */ = {isa = PBXBuildFile; fileRef = 79A3F1DF1F1A2BBC0085B847 /* LaunchScreen.storyboard */; };
		79A3F1EC1F1A2BBC0085B847 /* GettyImagesTests.swift in Sources */ = {isa = PBXBuildFile; fileRef = 79A3F1EB1F1A2BBC0085B847 /* GettyImagesTests.swift */; };
		79A3F1F71F1A2BBC0085B847 /* GettyImagesUITests.swift in Sources */ = {isa = PBXBuildFile; fileRef = 79A3F1F61F1A2BBC0085B847 /* GettyImagesUITests.swift */; };
		79A3F2091F1A37070085B847 /* GINetworkManager.swift in Sources */ = {isa = PBXBuildFile; fileRef = 79A3F2081F1A37070085B847 /* GINetworkManager.swift */; };
		79A3F20C1F1A39850085B847 /* Constants.swift in Sources */ = {isa = PBXBuildFile; fileRef = 79A3F20B1F1A39850085B847 /* Constants.swift */; };
		79A3F20F1F1A40D90085B847 /* GIBaseStore.swift in Sources */ = {isa = PBXBuildFile; fileRef = 79A3F20E1F1A40D90085B847 /* GIBaseStore.swift */; };
		79A3F2141F1A419D0085B847 /* GIBaseViewModel.swift in Sources */ = {isa = PBXBuildFile; fileRef = 79A3F2131F1A419D0085B847 /* GIBaseViewModel.swift */; };
		79A3F2161F1A49950085B847 /* GIImageViewModel.swift in Sources */ = {isa = PBXBuildFile; fileRef = 79A3F2151F1A49950085B847 /* GIImageViewModel.swift */; };
		79A3F2181F1A49D40085B847 /* GIGettyImage.swift in Sources */ = {isa = PBXBuildFile; fileRef = 79A3F2171F1A49D40085B847 /* GIGettyImage.swift */; };
		79A3F21A1F1A4AA80085B847 /* GIImageStore.swift in Sources */ = {isa = PBXBuildFile; fileRef = 79A3F2191F1A4AA80085B847 /* GIImageStore.swift */; };
		79A3F21D1F1A4ADA0085B847 /* GIBaseViewController.swift in Sources */ = {isa = PBXBuildFile; fileRef = 79A3F21C1F1A4ADA0085B847 /* GIBaseViewController.swift */; };
		79A3F21F1F1A4B070085B847 /* GIImagesViewController.swift in Sources */ = {isa = PBXBuildFile; fileRef = 79A3F21E1F1A4B070085B847 /* GIImagesViewController.swift */; };
		79A3F2211F1A57F10085B847 /* GIMappingManager.swift in Sources */ = {isa = PBXBuildFile; fileRef = 79A3F2201F1A57F10085B847 /* GIMappingManager.swift */; };
/* End PBXBuildFile section */

/* Begin PBXContainerItemProxy section */
		79A3F1E81F1A2BBC0085B847 /* PBXContainerItemProxy */ = {
			isa = PBXContainerItemProxy;
			containerPortal = 79A3F1CB1F1A2BBC0085B847 /* Project object */;
			proxyType = 1;
			remoteGlobalIDString = 79A3F1D21F1A2BBC0085B847;
			remoteInfo = GettyImages;
		};
		79A3F1F31F1A2BBC0085B847 /* PBXContainerItemProxy */ = {
			isa = PBXContainerItemProxy;
			containerPortal = 79A3F1CB1F1A2BBC0085B847 /* Project object */;
			proxyType = 1;
			remoteGlobalIDString = 79A3F1D21F1A2BBC0085B847;
			remoteInfo = GettyImages;
		};
/* End PBXContainerItemProxy section */

/* Begin PBXFileReference section */
		44821B875B790E5EC39EF886 /* Pods_GettyImages.framework */ = {isa = PBXFileReference; explicitFileType = wrapper.framework; includeInIndex = 0; path = Pods_GettyImages.framework; sourceTree = BUILT_PRODUCTS_DIR; };
		4D8DDBF1B370637095F2DD7D /* Pods-GettyImages.debug.xcconfig */ = {isa = PBXFileReference; includeInIndex = 1; lastKnownFileType = text.xcconfig; name = "Pods-GettyImages.debug.xcconfig"; path = "Pods/Target Support Files/Pods-GettyImages/Pods-GettyImages.debug.xcconfig"; sourceTree = "<group>"; };
		79A3F1D31F1A2BBC0085B847 /* GettyImages.app */ = {isa = PBXFileReference; explicitFileType = wrapper.application; includeInIndex = 0; path = GettyImages.app; sourceTree = BUILT_PRODUCTS_DIR; };
		79A3F1D61F1A2BBC0085B847 /* AppDelegate.swift */ = {isa = PBXFileReference; lastKnownFileType = sourcecode.swift; path = AppDelegate.swift; sourceTree = "<group>"; };
		79A3F1DB1F1A2BBC0085B847 /* Base */ = {isa = PBXFileReference; lastKnownFileType = file.storyboard; name = Base; path = Base.lproj/GIMain.storyboard; sourceTree = "<group>"; };
		79A3F1DD1F1A2BBC0085B847 /* Assets.xcassets */ = {isa = PBXFileReference; lastKnownFileType = folder.assetcatalog; path = Assets.xcassets; sourceTree = "<group>"; };
		79A3F1E01F1A2BBC0085B847 /* Base */ = {isa = PBXFileReference; lastKnownFileType = file.storyboard; name = Base; path = Base.lproj/LaunchScreen.storyboard; sourceTree = "<group>"; };
		79A3F1E21F1A2BBC0085B847 /* Info.plist */ = {isa = PBXFileReference; lastKnownFileType = text.plist.xml; path = Info.plist; sourceTree = "<group>"; };
		79A3F1E71F1A2BBC0085B847 /* GettyImagesTests.xctest */ = {isa = PBXFileReference; explicitFileType = wrapper.cfbundle; includeInIndex = 0; path = GettyImagesTests.xctest; sourceTree = BUILT_PRODUCTS_DIR; };
		79A3F1EB1F1A2BBC0085B847 /* GettyImagesTests.swift */ = {isa = PBXFileReference; lastKnownFileType = sourcecode.swift; path = GettyImagesTests.swift; sourceTree = "<group>"; };
		79A3F1ED1F1A2BBC0085B847 /* Info.plist */ = {isa = PBXFileReference; lastKnownFileType = text.plist.xml; path = Info.plist; sourceTree = "<group>"; };
		79A3F1F21F1A2BBC0085B847 /* GettyImagesUITests.xctest */ = {isa = PBXFileReference; explicitFileType = wrapper.cfbundle; includeInIndex = 0; path = GettyImagesUITests.xctest; sourceTree = BUILT_PRODUCTS_DIR; };
		79A3F1F61F1A2BBC0085B847 /* GettyImagesUITests.swift */ = {isa = PBXFileReference; lastKnownFileType = sourcecode.swift; path = GettyImagesUITests.swift; sourceTree = "<group>"; };
		79A3F1F81F1A2BBC0085B847 /* Info.plist */ = {isa = PBXFileReference; lastKnownFileType = text.plist.xml; path = Info.plist; sourceTree = "<group>"; };
		79A3F2081F1A37070085B847 /* GINetworkManager.swift */ = {isa = PBXFileReference; fileEncoding = 4; lastKnownFileType = sourcecode.swift; path = GINetworkManager.swift; sourceTree = "<group>"; };
		79A3F20B1F1A39850085B847 /* Constants.swift */ = {isa = PBXFileReference; fileEncoding = 4; lastKnownFileType = sourcecode.swift; path = Constants.swift; sourceTree = "<group>"; };
		79A3F20E1F1A40D90085B847 /* GIBaseStore.swift */ = {isa = PBXFileReference; fileEncoding = 4; lastKnownFileType = sourcecode.swift; path = GIBaseStore.swift; sourceTree = "<group>"; };
		79A3F2131F1A419D0085B847 /* GIBaseViewModel.swift */ = {isa = PBXFileReference; fileEncoding = 4; lastKnownFileType = sourcecode.swift; path = GIBaseViewModel.swift; sourceTree = "<group>"; };
		79A3F2151F1A49950085B847 /* GIImageViewModel.swift */ = {isa = PBXFileReference; fileEncoding = 4; lastKnownFileType = sourcecode.swift; path = GIImageViewModel.swift; sourceTree = "<group>"; };
		79A3F2171F1A49D40085B847 /* GIGettyImage.swift */ = {isa = PBXFileReference; fileEncoding = 4; lastKnownFileType = sourcecode.swift; path = GIGettyImage.swift; sourceTree = "<group>"; };
		79A3F2191F1A4AA80085B847 /* GIImageStore.swift */ = {isa = PBXFileReference; fileEncoding = 4; lastKnownFileType = sourcecode.swift; path = GIImageStore.swift; sourceTree = "<group>"; };
		79A3F21C1F1A4ADA0085B847 /* GIBaseViewController.swift */ = {isa = PBXFileReference; fileEncoding = 4; lastKnownFileType = sourcecode.swift; path = GIBaseViewController.swift; sourceTree = "<group>"; };
		79A3F21E1F1A4B070085B847 /* GIImagesViewController.swift */ = {isa = PBXFileReference; fileEncoding = 4; lastKnownFileType = sourcecode.swift; path = GIImagesViewController.swift; sourceTree = "<group>"; };
		79A3F2201F1A57F10085B847 /* GIMappingManager.swift */ = {isa = PBXFileReference; fileEncoding = 4; lastKnownFileType = sourcecode.swift; path = GIMappingManager.swift; sourceTree = "<group>"; };
		8638B210DB19F04114A42098 /* Pods-GettyImages.release.xcconfig */ = {isa = PBXFileReference; includeInIndex = 1; lastKnownFileType = text.xcconfig; name = "Pods-GettyImages.release.xcconfig"; path = "Pods/Target Support Files/Pods-GettyImages/Pods-GettyImages.release.xcconfig"; sourceTree = "<group>"; };
/* End PBXFileReference section */

/* Begin PBXFrameworksBuildPhase section */
		79A3F1D01F1A2BBC0085B847 /* Frameworks */ = {
			isa = PBXFrameworksBuildPhase;
			buildActionMask = 2147483647;
			files = (
				31873994E2357C3360CE0F01 /* Pods_GettyImages.framework in Frameworks */,
			);
			runOnlyForDeploymentPostprocessing = 0;
		};
		79A3F1E41F1A2BBC0085B847 /* Frameworks */ = {
			isa = PBXFrameworksBuildPhase;
			buildActionMask = 2147483647;
			files = (
			);
			runOnlyForDeploymentPostprocessing = 0;
		};
		79A3F1EF1F1A2BBC0085B847 /* Frameworks */ = {
			isa = PBXFrameworksBuildPhase;
			buildActionMask = 2147483647;
			files = (
			);
			runOnlyForDeploymentPostprocessing = 0;
		};
/* End PBXFrameworksBuildPhase section */

/* Begin PBXGroup section */
		79A3F1CA1F1A2BBC0085B847 = {
			isa = PBXGroup;
			children = (
				79A3F1D51F1A2BBC0085B847 /* GettyImages */,
				79A3F1EA1F1A2BBC0085B847 /* GettyImagesTests */,
				79A3F1F51F1A2BBC0085B847 /* GettyImagesUITests */,
				79A3F1D41F1A2BBC0085B847 /* Products */,
				E07375E0AC3D9B1489825874 /* Pods */,
				C7C3F889EF212532D33CA040 /* Frameworks */,
			);
			sourceTree = "<group>";
		};
		79A3F1D41F1A2BBC0085B847 /* Products */ = {
			isa = PBXGroup;
			children = (
				79A3F1D31F1A2BBC0085B847 /* GettyImages.app */,
				79A3F1E71F1A2BBC0085B847 /* GettyImagesTests.xctest */,
				79A3F1F21F1A2BBC0085B847 /* GettyImagesUITests.xctest */,
			);
			name = Products;
			sourceTree = "<group>";
		};
		79A3F1D51F1A2BBC0085B847 /* GettyImages */ = {
			isa = PBXGroup;
			children = (
				79A3F21B1F1A4AC70085B847 /* Controller */,
				79A3F2101F1A41850085B847 /* Model */,
				79A3F20D1F1A40CE0085B847 /* Store */,
				79A3F20A1F1A396D0085B847 /* Utils */,
				79A3F2071F1A36F10085B847 /* Network */,
				79A3F2051F1A358E0085B847 /* View */,
				79A3F2041F1A35740085B847 /* Supporting Files */,
			);
			path = GettyImages;
			sourceTree = "<group>";
		};
		79A3F1EA1F1A2BBC0085B847 /* GettyImagesTests */ = {
			isa = PBXGroup;
			children = (
				79A3F1EB1F1A2BBC0085B847 /* GettyImagesTests.swift */,
				79A3F1ED1F1A2BBC0085B847 /* Info.plist */,
			);
			path = GettyImagesTests;
			sourceTree = "<group>";
		};
		79A3F1F51F1A2BBC0085B847 /* GettyImagesUITests */ = {
			isa = PBXGroup;
			children = (
				79A3F1F61F1A2BBC0085B847 /* GettyImagesUITests.swift */,
				79A3F1F81F1A2BBC0085B847 /* Info.plist */,
			);
			path = GettyImagesUITests;
			sourceTree = "<group>";
		};
		79A3F2041F1A35740085B847 /* Supporting Files */ = {
			isa = PBXGroup;
			children = (
				79A3F1D61F1A2BBC0085B847 /* AppDelegate.swift */,
				79A3F1DD1F1A2BBC0085B847 /* Assets.xcassets */,
				79A3F1DF1F1A2BBC0085B847 /* LaunchScreen.storyboard */,
				79A3F1E21F1A2BBC0085B847 /* Info.plist */,
			);
			name = "Supporting Files";
			sourceTree = "<group>";
		};
		79A3F2051F1A358E0085B847 /* View */ = {
			isa = PBXGroup;
			children = (
				79A3F2061F1A35920085B847 /* Storyboard */,
			);
			name = View;
			sourceTree = "<group>";
		};
		79A3F2061F1A35920085B847 /* Storyboard */ = {
			isa = PBXGroup;
			children = (
				79A3F1DA1F1A2BBC0085B847 /* GIMain.storyboard */,
			);
			name = Storyboard;
			sourceTree = "<group>";
		};
		79A3F2071F1A36F10085B847 /* Network */ = {
			isa = PBXGroup;
			children = (
				79A3F2081F1A37070085B847 /* GINetworkManager.swift */,
				79A3F2201F1A57F10085B847 /* GIMappingManager.swift */,
			);
			name = Network;
			sourceTree = "<group>";
		};
		79A3F20A1F1A396D0085B847 /* Utils */ = {
			isa = PBXGroup;
			children = (
				79A3F20B1F1A39850085B847 /* Constants.swift */,
			);
			name = Utils;
			sourceTree = "<group>";
		};
		79A3F20D1F1A40CE0085B847 /* Store */ = {
			isa = PBXGroup;
			children = (
				79A3F20E1F1A40D90085B847 /* GIBaseStore.swift */,
				79A3F2191F1A4AA80085B847 /* GIImageStore.swift */,
			);
			name = Store;
			sourceTree = "<group>";
		};
		79A3F2101F1A41850085B847 /* Model */ = {
			isa = PBXGroup;
			children = (
				79A3F2121F1A418F0085B847 /* View Model */,
				79A3F2111F1A418A0085B847 /* DTO */,
			);
			name = Model;
			sourceTree = "<group>";
		};
		79A3F2111F1A418A0085B847 /* DTO */ = {
			isa = PBXGroup;
			children = (
				79A3F2171F1A49D40085B847 /* GIGettyImage.swift */,
			);
			name = DTO;
			sourceTree = "<group>";
		};
		79A3F2121F1A418F0085B847 /* View Model */ = {
			isa = PBXGroup;
			children = (
				79A3F2131F1A419D0085B847 /* GIBaseViewModel.swift */,
				79A3F2151F1A49950085B847 /* GIImageViewModel.swift */,
			);
			name = "View Model";
			sourceTree = "<group>";
		};
		79A3F21B1F1A4AC70085B847 /* Controller */ = {
			isa = PBXGroup;
			children = (
				79A3F21C1F1A4ADA0085B847 /* GIBaseViewController.swift */,
				79A3F21E1F1A4B070085B847 /* GIImagesViewController.swift */,
			);
			name = Controller;
			sourceTree = "<group>";
		};
		C7C3F889EF212532D33CA040 /* Frameworks */ = {
			isa = PBXGroup;
			children = (
				44821B875B790E5EC39EF886 /* Pods_GettyImages.framework */,
			);
			name = Frameworks;
			sourceTree = "<group>";
		};
		E07375E0AC3D9B1489825874 /* Pods */ = {
			isa = PBXGroup;
			children = (
				4D8DDBF1B370637095F2DD7D /* Pods-GettyImages.debug.xcconfig */,
				8638B210DB19F04114A42098 /* Pods-GettyImages.release.xcconfig */,
			);
			name = Pods;
			sourceTree = "<group>";
		};
/* End PBXGroup section */

/* Begin PBXNativeTarget section */
		79A3F1D21F1A2BBC0085B847 /* GettyImages */ = {
			isa = PBXNativeTarget;
			buildConfigurationList = 79A3F1FB1F1A2BBC0085B847 /* Build configuration list for PBXNativeTarget "GettyImages" */;
			buildPhases = (
				76774EA4865245A13A67D0C7 /* [CP] Check Pods Manifest.lock */,
				79A3F1CF1F1A2BBC0085B847 /* Sources */,
				79A3F1D01F1A2BBC0085B847 /* Frameworks */,
				79A3F1D11F1A2BBC0085B847 /* Resources */,
				41C6DF2E45748D36407316B4 /* [CP] Embed Pods Frameworks */,
				8B24242B0FF8D8D8A468B355 /* [CP] Copy Pods Resources */,
			);
			buildRules = (
			);
			dependencies = (
			);
			name = GettyImages;
			productName = GettyImages;
			productReference = 79A3F1D31F1A2BBC0085B847 /* GettyImages.app */;
			productType = "com.apple.product-type.application";
		};
		79A3F1E61F1A2BBC0085B847 /* GettyImagesTests */ = {
			isa = PBXNativeTarget;
			buildConfigurationList = 79A3F1FE1F1A2BBC0085B847 /* Build configuration list for PBXNativeTarget "GettyImagesTests" */;
			buildPhases = (
				79A3F1E31F1A2BBC0085B847 /* Sources */,
				79A3F1E41F1A2BBC0085B847 /* Frameworks */,
				79A3F1E51F1A2BBC0085B847 /* Resources */,
			);
			buildRules = (
			);
			dependencies = (
				79A3F1E91F1A2BBC0085B847 /* PBXTargetDependency */,
			);
			name = GettyImagesTests;
			productName = GettyImagesTests;
			productReference = 79A3F1E71F1A2BBC0085B847 /* GettyImagesTests.xctest */;
			productType = "com.apple.product-type.bundle.unit-test";
		};
		79A3F1F11F1A2BBC0085B847 /* GettyImagesUITests */ = {
			isa = PBXNativeTarget;
			buildConfigurationList = 79A3F2011F1A2BBC0085B847 /* Build configuration list for PBXNativeTarget "GettyImagesUITests" */;
			buildPhases = (
				79A3F1EE1F1A2BBC0085B847 /* Sources */,
				79A3F1EF1F1A2BBC0085B847 /* Frameworks */,
				79A3F1F01F1A2BBC0085B847 /* Resources */,
			);
			buildRules = (
			);
			dependencies = (
				79A3F1F41F1A2BBC0085B847 /* PBXTargetDependency */,
			);
			name = GettyImagesUITests;
			productName = GettyImagesUITests;
			productReference = 79A3F1F21F1A2BBC0085B847 /* GettyImagesUITests.xctest */;
			productType = "com.apple.product-type.bundle.ui-testing";
		};
/* End PBXNativeTarget section */

/* Begin PBXProject section */
		79A3F1CB1F1A2BBC0085B847 /* Project object */ = {
			isa = PBXProject;
			attributes = {
				LastSwiftUpdateCheck = 0830;
				LastUpgradeCheck = 0830;
				ORGANIZATIONNAME = "Mohamed Magdy";
				TargetAttributes = {
					79A3F1D21F1A2BBC0085B847 = {
						CreatedOnToolsVersion = 8.3.2;
						DevelopmentTeam = RBZ2UQ2323;
						ProvisioningStyle = Automatic;
					};
					79A3F1E61F1A2BBC0085B847 = {
						CreatedOnToolsVersion = 8.3.2;
						DevelopmentTeam = RBZ2UQ2323;
						ProvisioningStyle = Automatic;
						TestTargetID = 79A3F1D21F1A2BBC0085B847;
					};
					79A3F1F11F1A2BBC0085B847 = {
						CreatedOnToolsVersion = 8.3.2;
						DevelopmentTeam = RBZ2UQ2323;
						ProvisioningStyle = Automatic;
						TestTargetID = 79A3F1D21F1A2BBC0085B847;
					};
				};
			};
			buildConfigurationList = 79A3F1CE1F1A2BBC0085B847 /* Build configuration list for PBXProject "GettyImages" */;
			compatibilityVersion = "Xcode 3.2";
			developmentRegion = English;
			hasScannedForEncodings = 0;
			knownRegions = (
				en,
				Base,
			);
			mainGroup = 79A3F1CA1F1A2BBC0085B847;
			productRefGroup = 79A3F1D41F1A2BBC0085B847 /* Products */;
			projectDirPath = "";
			projectRoot = "";
			targets = (
				79A3F1D21F1A2BBC0085B847 /* GettyImages */,
				79A3F1E61F1A2BBC0085B847 /* GettyImagesTests */,
				79A3F1F11F1A2BBC0085B847 /* GettyImagesUITests */,
			);
		};
/* End PBXProject section */

/* Begin PBXResourcesBuildPhase section */
		79A3F1D11F1A2BBC0085B847 /* Resources */ = {
			isa = PBXResourcesBuildPhase;
			buildActionMask = 2147483647;
			files = (
				79A3F1E11F1A2BBC0085B847 /* LaunchScreen.storyboard in Resources */,
				79A3F1DE1F1A2BBC0085B847 /* Assets.xcassets in Resources */,
				79A3F1DC1F1A2BBC0085B847 /* GIMain.storyboard in Resources */,
			);
			runOnlyForDeploymentPostprocessing = 0;
		};
		79A3F1E51F1A2BBC0085B847 /* Resources */ = {
			isa = PBXResourcesBuildPhase;
			buildActionMask = 2147483647;
			files = (
			);
			runOnlyForDeploymentPostprocessing = 0;
		};
		79A3F1F01F1A2BBC0085B847 /* Resources */ = {
			isa = PBXResourcesBuildPhase;
			buildActionMask = 2147483647;
			files = (
			);
			runOnlyForDeploymentPostprocessing = 0;
		};
/* End PBXResourcesBuildPhase section */

/* Begin PBXShellScriptBuildPhase section */
		41C6DF2E45748D36407316B4 /* [CP] Embed Pods Frameworks */ = {
			isa = PBXShellScriptBuildPhase;
			buildActionMask = 2147483647;
			files = (
			);
			inputPaths = (
			);
			name = "[CP] Embed Pods Frameworks";
			outputPaths = (
			);
			runOnlyForDeploymentPostprocessing = 0;
			shellPath = /bin/sh;
			shellScript = "\"${SRCROOT}/Pods/Target Support Files/Pods-GettyImages/Pods-GettyImages-frameworks.sh\"\n";
			showEnvVarsInLog = 0;
		};
		76774EA4865245A13A67D0C7 /* [CP] Check Pods Manifest.lock */ = {
			isa = PBXShellScriptBuildPhase;
			buildActionMask = 2147483647;
			files = (
			);
			inputPaths = (
			);
			name = "[CP] Check Pods Manifest.lock";
			outputPaths = (
			);
			runOnlyForDeploymentPostprocessing = 0;
			shellPath = /bin/sh;
			shellScript = "diff \"${PODS_ROOT}/../Podfile.lock\" \"${PODS_ROOT}/Manifest.lock\" > /dev/null\nif [ $? != 0 ] ; then\n    # print error to STDERR\n    echo \"error: The sandbox is not in sync with the Podfile.lock. Run 'pod install' or update your CocoaPods installation.\" >&2\n    exit 1\nfi\n";
			showEnvVarsInLog = 0;
		};
		8B24242B0FF8D8D8A468B355 /* [CP] Copy Pods Resources */ = {
			isa = PBXShellScriptBuildPhase;
			buildActionMask = 2147483647;
			files = (
			);
			inputPaths = (
			);
			name = "[CP] Copy Pods Resources";
			outputPaths = (
			);
			runOnlyForDeploymentPostprocessing = 0;
			shellPath = /bin/sh;
			shellScript = "\"${SRCROOT}/Pods/Target Support Files/Pods-GettyImages/Pods-GettyImages-resources.sh\"\n";
			showEnvVarsInLog = 0;
		};
/* End PBXShellScriptBuildPhase section */

/* Begin PBXSourcesBuildPhase section */
		79A3F1CF1F1A2BBC0085B847 /* Sources */ = {
			isa = PBXSourcesBuildPhase;
			buildActionMask = 2147483647;
			files = (
				79A3F21F1F1A4B070085B847 /* GIImagesViewController.swift in Sources */,
				79A3F2211F1A57F10085B847 /* GIMappingManager.swift in Sources */,
				79A3F2181F1A49D40085B847 /* GIGettyImage.swift in Sources */,
				79A3F2091F1A37070085B847 /* GINetworkManager.swift in Sources */,
				79A3F2161F1A49950085B847 /* GIImageViewModel.swift in Sources */,
				79A3F21A1F1A4AA80085B847 /* GIImageStore.swift in Sources */,
				79A3F2141F1A419D0085B847 /* GIBaseViewModel.swift in Sources */,
				79A3F21D1F1A4ADA0085B847 /* GIBaseViewController.swift in Sources */,
				79A3F1D71F1A2BBC0085B847 /* AppDelegate.swift in Sources */,
				79A3F20F1F1A40D90085B847 /* GIBaseStore.swift in Sources */,
				79A3F20C1F1A39850085B847 /* Constants.swift in Sources */,
			);
			runOnlyForDeploymentPostprocessing = 0;
		};
		79A3F1E31F1A2BBC0085B847 /* Sources */ = {
			isa = PBXSourcesBuildPhase;
			buildActionMask = 2147483647;
			files = (
				79A3F1EC1F1A2BBC0085B847 /* GettyImagesTests.swift in Sources */,
			);
			runOnlyForDeploymentPostprocessing = 0;
		};
		79A3F1EE1F1A2BBC0085B847 /* Sources */ = {
			isa = PBXSourcesBuildPhase;
			buildActionMask = 2147483647;
			files = (
				79A3F1F71F1A2BBC0085B847 /* GettyImagesUITests.swift in Sources */,
			);
			runOnlyForDeploymentPostprocessing = 0;
		};
/* End PBXSourcesBuildPhase section */

/* Begin PBXTargetDependency section */
		79A3F1E91F1A2BBC0085B847 /* PBXTargetDependency */ = {
			isa = PBXTargetDependency;
			target = 79A3F1D21F1A2BBC0085B847 /* GettyImages */;
			targetProxy = 79A3F1E81F1A2BBC0085B847 /* PBXContainerItemProxy */;
		};
		79A3F1F41F1A2BBC0085B847 /* PBXTargetDependency */ = {
			isa = PBXTargetDependency;
			target = 79A3F1D21F1A2BBC0085B847 /* GettyImages */;
			targetProxy = 79A3F1F31F1A2BBC0085B847 /* PBXContainerItemProxy */;
		};
/* End PBXTargetDependency section */

/* Begin PBXVariantGroup section */
		79A3F1DA1F1A2BBC0085B847 /* GIMain.storyboard */ = {
			isa = PBXVariantGroup;
			children = (
				79A3F1DB1F1A2BBC0085B847 /* Base */,
			);
			name = GIMain.storyboard;
			sourceTree = "<group>";
		};
		79A3F1DF1F1A2BBC0085B847 /* LaunchScreen.storyboard */ = {
			isa = PBXVariantGroup;
			children = (
				79A3F1E01F1A2BBC0085B847 /* Base */,
			);
			name = LaunchScreen.storyboard;
			sourceTree = "<group>";
		};
/* End PBXVariantGroup section */

/* Begin XCBuildConfiguration section */
		79A3F1F91F1A2BBC0085B847 /* Debug */ = {
			isa = XCBuildConfiguration;
			buildSettings = {
				ALWAYS_SEARCH_USER_PATHS = NO;
				CLANG_ANALYZER_NONNULL = YES;
				CLANG_ANALYZER_NUMBER_OBJECT_CONVERSION = YES_AGGRESSIVE;
				CLANG_CXX_LANGUAGE_STANDARD = "gnu++0x";
				CLANG_CXX_LIBRARY = "libc++";
				CLANG_ENABLE_MODULES = YES;
				CLANG_ENABLE_OBJC_ARC = YES;
				CLANG_WARN_BOOL_CONVERSION = YES;
				CLANG_WARN_CONSTANT_CONVERSION = YES;
				CLANG_WARN_DIRECT_OBJC_ISA_USAGE = YES_ERROR;
				CLANG_WARN_DOCUMENTATION_COMMENTS = YES;
				CLANG_WARN_EMPTY_BODY = YES;
				CLANG_WARN_ENUM_CONVERSION = YES;
				CLANG_WARN_INFINITE_RECURSION = YES;
				CLANG_WARN_INT_CONVERSION = YES;
				CLANG_WARN_OBJC_ROOT_CLASS = YES_ERROR;
				CLANG_WARN_SUSPICIOUS_MOVE = YES;
				CLANG_WARN_UNREACHABLE_CODE = YES;
				CLANG_WARN__DUPLICATE_METHOD_MATCH = YES;
				"CODE_SIGN_IDENTITY[sdk=iphoneos*]" = "iPhone Developer";
				COPY_PHASE_STRIP = NO;
				DEBUG_INFORMATION_FORMAT = dwarf;
				ENABLE_STRICT_OBJC_MSGSEND = YES;
				ENABLE_TESTABILITY = YES;
				GCC_C_LANGUAGE_STANDARD = gnu99;
				GCC_DYNAMIC_NO_PIC = NO;
				GCC_NO_COMMON_BLOCKS = YES;
				GCC_OPTIMIZATION_LEVEL = 0;
				GCC_PREPROCESSOR_DEFINITIONS = (
					"DEBUG=1",
					"$(inherited)",
				);
				GCC_WARN_64_TO_32_BIT_CONVERSION = YES;
				GCC_WARN_ABOUT_RETURN_TYPE = YES_ERROR;
				GCC_WARN_UNDECLARED_SELECTOR = YES;
				GCC_WARN_UNINITIALIZED_AUTOS = YES_AGGRESSIVE;
				GCC_WARN_UNUSED_FUNCTION = YES;
				GCC_WARN_UNUSED_VARIABLE = YES;
				IPHONEOS_DEPLOYMENT_TARGET = 10.3;
				MTL_ENABLE_DEBUG_INFO = YES;
				ONLY_ACTIVE_ARCH = YES;
				SDKROOT = iphoneos;
				SWIFT_ACTIVE_COMPILATION_CONDITIONS = DEBUG;
				SWIFT_OPTIMIZATION_LEVEL = "-Onone";
				TARGETED_DEVICE_FAMILY = "1,2";
			};
			name = Debug;
		};
		79A3F1FA1F1A2BBC0085B847 /* Release */ = {
			isa = XCBuildConfiguration;
			buildSettings = {
				ALWAYS_SEARCH_USER_PATHS = NO;
				CLANG_ANALYZER_NONNULL = YES;
				CLANG_ANALYZER_NUMBER_OBJECT_CONVERSION = YES_AGGRESSIVE;
				CLANG_CXX_LANGUAGE_STANDARD = "gnu++0x";
				CLANG_CXX_LIBRARY = "libc++";
				CLANG_ENABLE_MODULES = YES;
				CLANG_ENABLE_OBJC_ARC = YES;
				CLANG_WARN_BOOL_CONVERSION = YES;
				CLANG_WARN_CONSTANT_CONVERSION = YES;
				CLANG_WARN_DIRECT_OBJC_ISA_USAGE = YES_ERROR;
				CLANG_WARN_DOCUMENTATION_COMMENTS = YES;
				CLANG_WARN_EMPTY_BODY = YES;
				CLANG_WARN_ENUM_CONVERSION = YES;
				CLANG_WARN_INFINITE_RECURSION = YES;
				CLANG_WARN_INT_CONVERSION = YES;
				CLANG_WARN_OBJC_ROOT_CLASS = YES_ERROR;
				CLANG_WARN_SUSPICIOUS_MOVE = YES;
				CLANG_WARN_UNREACHABLE_CODE = YES;
				CLANG_WARN__DUPLICATE_METHOD_MATCH = YES;
				"CODE_SIGN_IDENTITY[sdk=iphoneos*]" = "iPhone Developer";
				COPY_PHASE_STRIP = NO;
				DEBUG_INFORMATION_FORMAT = "dwarf-with-dsym";
				ENABLE_NS_ASSERTIONS = NO;
				ENABLE_STRICT_OBJC_MSGSEND = YES;
				GCC_C_LANGUAGE_STANDARD = gnu99;
				GCC_NO_COMMON_BLOCKS = YES;
				GCC_WARN_64_TO_32_BIT_CONVERSION = YES;
				GCC_WARN_ABOUT_RETURN_TYPE = YES_ERROR;
				GCC_WARN_UNDECLARED_SELECTOR = YES;
				GCC_WARN_UNINITIALIZED_AUTOS = YES_AGGRESSIVE;
				GCC_WARN_UNUSED_FUNCTION = YES;
				GCC_WARN_UNUSED_VARIABLE = YES;
				IPHONEOS_DEPLOYMENT_TARGET = 10.3;
				MTL_ENABLE_DEBUG_INFO = NO;
				SDKROOT = iphoneos;
				SWIFT_OPTIMIZATION_LEVEL = "-Owholemodule";
				TARGETED_DEVICE_FAMILY = "1,2";
				VALIDATE_PRODUCT = YES;
			};
			name = Release;
		};
		79A3F1FC1F1A2BBC0085B847 /* Debug */ = {
			isa = XCBuildConfiguration;
			baseConfigurationReference = 4D8DDBF1B370637095F2DD7D /* Pods-GettyImages.debug.xcconfig */;
			buildSettings = {
				ASSETCATALOG_COMPILER_APPICON_NAME = AppIcon;
				DEVELOPMENT_TEAM = RBZ2UQ2323;
				INFOPLIST_FILE = GettyImages/Info.plist;
				IPHONEOS_DEPLOYMENT_TARGET = 8.0;
				LD_RUNPATH_SEARCH_PATHS = "$(inherited) @executable_path/Frameworks";
				PRODUCT_BUNDLE_IDENTIFIER = com.magdy.GettyImages;
				PRODUCT_NAME = "$(TARGET_NAME)";
				SWIFT_VERSION = 3.0;
			};
			name = Debug;
		};
		79A3F1FD1F1A2BBC0085B847 /* Release */ = {
			isa = XCBuildConfiguration;
			baseConfigurationReference = 8638B210DB19F04114A42098 /* Pods-GettyImages.release.xcconfig */;
			buildSettings = {
				ASSETCATALOG_COMPILER_APPICON_NAME = AppIcon;
				DEVELOPMENT_TEAM = RBZ2UQ2323;
				INFOPLIST_FILE = GettyImages/Info.plist;
				IPHONEOS_DEPLOYMENT_TARGET = 8.0;
				LD_RUNPATH_SEARCH_PATHS = "$(inherited) @executable_path/Frameworks";
				PRODUCT_BUNDLE_IDENTIFIER = com.magdy.GettyImages;
				PRODUCT_NAME = "$(TARGET_NAME)";
				SWIFT_VERSION = 3.0;
			};
			name = Release;
		};
		79A3F1FF1F1A2BBC0085B847 /* Debug */ = {
			isa = XCBuildConfiguration;
			buildSettings = {
				ALWAYS_EMBED_SWIFT_STANDARD_LIBRARIES = YES;
				BUNDLE_LOADER = "$(TEST_HOST)";
				DEVELOPMENT_TEAM = RBZ2UQ2323;
				INFOPLIST_FILE = GettyImagesTests/Info.plist;
				LD_RUNPATH_SEARCH_PATHS = "$(inherited) @executable_path/Frameworks @loader_path/Frameworks";
				PRODUCT_BUNDLE_IDENTIFIER = com.magdy.GettyImagesTests;
				PRODUCT_NAME = "$(TARGET_NAME)";
				SWIFT_VERSION = 3.0;
				TEST_HOST = "$(BUILT_PRODUCTS_DIR)/GettyImages.app/GettyImages";
			};
			name = Debug;
		};
		79A3F2001F1A2BBC0085B847 /* Release */ = {
			isa = XCBuildConfiguration;
			buildSettings = {
				ALWAYS_EMBED_SWIFT_STANDARD_LIBRARIES = YES;
				BUNDLE_LOADER = "$(TEST_HOST)";
				DEVELOPMENT_TEAM = RBZ2UQ2323;
				INFOPLIST_FILE = GettyImagesTests/Info.plist;
				LD_RUNPATH_SEARCH_PATHS = "$(inherited) @executable_path/Frameworks @loader_path/Frameworks";
				PRODUCT_BUNDLE_IDENTIFIER = com.magdy.GettyImagesTests;
				PRODUCT_NAME = "$(TARGET_NAME)";
				SWIFT_VERSION = 3.0;
				TEST_HOST = "$(BUILT_PRODUCTS_DIR)/GettyImages.app/GettyImages";
			};
			name = Release;
		};
		79A3F2021F1A2BBC0085B847 /* Debug */ = {
			isa = XCBuildConfiguration;
			buildSettings = {
				ALWAYS_EMBED_SWIFT_STANDARD_LIBRARIES = YES;
				DEVELOPMENT_TEAM = RBZ2UQ2323;
				INFOPLIST_FILE = GettyImagesUITests/Info.plist;
				LD_RUNPATH_SEARCH_PATHS = "$(inherited) @executable_path/Frameworks @loader_path/Frameworks";
				PRODUCT_BUNDLE_IDENTIFIER = com.magdy.GettyImagesUITests;
				PRODUCT_NAME = "$(TARGET_NAME)";
				SWIFT_VERSION = 3.0;
				TEST_TARGET_NAME = GettyImages;
			};
			name = Debug;
		};
		79A3F2031F1A2BBC0085B847 /* Release */ = {
			isa = XCBuildConfiguration;
			buildSettings = {
				ALWAYS_EMBED_SWIFT_STANDARD_LIBRARIES = YES;
				DEVELOPMENT_TEAM = RBZ2UQ2323;
				INFOPLIST_FILE = GettyImagesUITests/Info.plist;
				LD_RUNPATH_SEARCH_PATHS = "$(inherited) @executable_path/Frameworks @loader_path/Frameworks";
				PRODUCT_BUNDLE_IDENTIFIER = com.magdy.GettyImagesUITests;
				PRODUCT_NAME = "$(TARGET_NAME)";
				SWIFT_VERSION = 3.0;
				TEST_TARGET_NAME = GettyImages;
			};
			name = Release;
		};
/* End XCBuildConfiguration section */

/* Begin XCConfigurationList section */
		79A3F1CE1F1A2BBC0085B847 /* Build configuration list for PBXProject "GettyImages" */ = {
			isa = XCConfigurationList;
			buildConfigurations = (
				79A3F1F91F1A2BBC0085B847 /* Debug */,
				79A3F1FA1F1A2BBC0085B847 /* Release */,
			);
			defaultConfigurationIsVisible = 0;
			defaultConfigurationName = Release;
		};
		79A3F1FB1F1A2BBC0085B847 /* Build configuration list for PBXNativeTarget "GettyImages" */ = {
			isa = XCConfigurationList;
			buildConfigurations = (
				79A3F1FC1F1A2BBC0085B847 /* Debug */,
				79A3F1FD1F1A2BBC0085B847 /* Release */,
			);
			defaultConfigurationIsVisible = 0;
			defaultConfigurationName = Release;
		};
		79A3F1FE1F1A2BBC0085B847 /* Build configuration list for PBXNativeTarget "GettyImagesTests" */ = {
			isa = XCConfigurationList;
			buildConfigurations = (
				79A3F1FF1F1A2BBC0085B847 /* Debug */,
				79A3F2001F1A2BBC0085B847 /* Release */,
			);
			defaultConfigurationIsVisible = 0;
			defaultConfigurationName = Release;
		};
		79A3F2011F1A2BBC0085B847 /* Build configuration list for PBXNativeTarget "GettyImagesUITests" */ = {
			isa = XCConfigurationList;
			buildConfigurations = (
				79A3F2021F1A2BBC0085B847 /* Debug */,
				79A3F2031F1A2BBC0085B847 /* Release */,
			);
			defaultConfigurationIsVisible = 0;
			defaultConfigurationName = Release;
		};
/* End XCConfigurationList section */
	};
	rootObject = 79A3F1CB1F1A2BBC0085B847 /* Project object */;
}
